
Microsoft Visual Studio Solution File, Format Version 12.00
Project("{FAE04EC0-301F-11D3-BF4B-00C04F79EFBC}") = "SoftSource_Exercise", "SoftSource_Exercise\SoftSource_Exercise.csproj", "{68EF3283-C0AD-4265-8391-E6643DCE2688}"
EndProject
Project("{FAE04EC0-301F-11D3-BF4B-00C04F79EFBC}") = "TestProject1", "TestProject1\TestProject1.csproj", "{B404631B-6C32-415D-BB8E-0F91E59ECAE2}"
EndProject
Global
	GlobalSection(SolutionConfigurationPlatforms) = preSolution
		Debug|Any CPU = Debug|Any CPU
		Release|Any CPU = Release|Any CPU
	EndGlobalSection
	GlobalSection(ProjectConfigurationPlatforms) = postSolution
		{68EF3283-C0AD-4265-8391-E6643DCE2688}.Debug|Any CPU.ActiveCfg = Debug|Any CPU
		{68EF3283-C0AD-4265-8391-E6643DCE2688}.Debug|Any CPU.Build.0 = Debug|Any CPU
		{68EF3283-C0AD-4265-8391-E6643DCE2688}.Release|Any CPU.ActiveCfg = Release|Any CPU
		{68EF3283-C0AD-4265-8391-E6643DCE2688}.Release|Any CPU.Build.0 = Release|Any CPU
		{B404631B-6C32-415D-BB8E-0F91E59ECAE2}.Debug|Any CPU.ActiveCfg = Debug|Any CPU
		{B404631B-6C32-415D-BB8E-0F91E59ECAE2}.Debug|Any CPU.Build.0 = Debug|Any CPU
		{B404631B-6C32-415D-BB8E-0F91E59ECAE2}.Release|Any CPU.ActiveCfg = Release|Any CPU
		{B404631B-6C32-415D-BB8E-0F91E59ECAE2}.Release|Any CPU.Build.0 = Release|Any CPU
	EndGlobalSection
EndGlobal
